
Microsoft Visual Studio Solution File, Format Version 12.00
# Visual Studio Version 16
VisualStudioVersion = 16.0.31129.286
MinimumVisualStudioVersion = 10.0.40219.1
Project("{FAE04EC0-301F-11D3-BF4B-00C04F79EFBC}") = "applicationTest.UWP", "applicationTest.UWP\applicationTest.UWP.csproj", "{82E7E312-89CC-4919-91EE-F623CB5CA89E}"
EndProject
Project("{FAE04EC0-301F-11D3-BF4B-00C04F79EFBC}") = "applicationTest.Android", "applicationTest.Android\applicationTest.Android.csproj", "{5056A270-B835-457D-A65C-A48704B5D6A1}"
EndProject
Project("{FAE04EC0-301F-11D3-BF4B-00C04F79EFBC}") = "applicationTest.iOS", "applicationTest.iOS\applicationTest.iOS.csproj", "{EC88FFF4-F649-4C56-9941-A97E89290AF9}"
EndProject
Project("{9A19103F-16F7-4668-BE54-9A1E7A4F7556}") = "applicationTest", "applicationTest\applicationTest.csproj", "{4BDFF14B-B0A6-41AD-A710-DB690DBC9C64}"
EndProject
Global
	GlobalSection(SolutionConfigurationPlatforms) = preSolution
		Debug|Any CPU = Debug|Any CPU
		Debug|ARM = Debug|ARM
		Debug|iPhone = Debug|iPhone
		Debug|iPhoneSimulator = Debug|iPhoneSimulator
		Debug|x64 = Debug|x64
		Debug|x86 = Debug|x86
		Release|Any CPU = Release|Any CPU
		Release|ARM = Release|ARM
		Release|iPhone = Release|iPhone
		Release|iPhoneSimulator = Release|iPhoneSimulator
		Release|x64 = Release|x64
		Release|x86 = Release|x86
	EndGlobalSection
	GlobalSection(ProjectConfigurationPlatforms) = postSolution
		{82E7E312-89CC-4919-91EE-F623CB5CA89E}.Debug|Any CPU.ActiveCfg = Debug|x86
		{82E7E312-89CC-4919-91EE-F623CB5CA89E}.Debug|Any CPU.Build.0 = Debug|x86
		{82E7E312-89CC-4919-91EE-F623CB5CA89E}.Debug|Any CPU.Deploy.0 = Debug|x86
		{82E7E312-89CC-4919-91EE-F623CB5CA89E}.Debug|ARM.ActiveCfg = Debug|ARM
		{82E7E312-89CC-4919-91EE-F623CB5CA89E}.Debug|ARM.Build.0 = Debug|ARM
		{82E7E312-89CC-4919-91EE-F623CB5CA89E}.Debug|ARM.Deploy.0 = Debug|ARM
		{82E7E312-89CC-4919-91EE-F623CB5CA89E}.Debug|iPhone.ActiveCfg = Debug|x86
		{82E7E312-89CC-4919-91EE-F623CB5CA89E}.Debug|iPhone.Build.0 = Debug|x86
		{82E7E312-89CC-4919-91EE-F623CB5CA89E}.Debug|iPhone.Deploy.0 = Debug|x86
		{82E7E312-89CC-4919-91EE-F623CB5CA89E}.Debug|iPhoneSimulator.ActiveCfg = Debug|x86
		{82E7E312-89CC-4919-91EE-F623CB5CA89E}.Debug|iPhoneSimulator.Build.0 = Debug|x86
		{82E7E312-89CC-4919-91EE-F623CB5CA89E}.Debug|iPhoneSimulator.Deploy.0 = Debug|x86
		{82E7E312-89CC-4919-91EE-F623CB5CA89E}.Debug|x64.ActiveCfg = Debug|x64
		{82E7E312-89CC-4919-91EE-F623CB5CA89E}.Debug|x64.Build.0 = Debug|x64
		{82E7E312-89CC-4919-91EE-F623CB5CA89E}.Debug|x64.Deploy.0 = Debug|x64
		{82E7E312-89CC-4919-91EE-F623CB5CA89E}.Debug|x86.ActiveCfg = Debug|x86
		{82E7E312-89CC-4919-91EE-F623CB5CA89E}.Debug|x86.Build.0 = Debug|x86
		{82E7E312-89CC-4919-91EE-F623CB5CA89E}.Debug|x86.Deploy.0 = Debug|x86
		{82E7E312-89CC-4919-91EE-F623CB5CA89E}.Release|Any CPU.ActiveCfg = Release|x86
		{82E7E312-89CC-4919-91EE-F623CB5CA89E}.Release|Any CPU.Build.0 = Release|x86
		{82E7E312-89CC-4919-91EE-F623CB5CA89E}.Release|Any CPU.Deploy.0 = Release|x86
		{82E7E312-89CC-4919-91EE-F623CB5CA89E}.Release|ARM.ActiveCfg = Release|ARM
		{82E7E312-89CC-4919-91EE-F623CB5CA89E}.Release|ARM.Build.0 = Release|ARM
		{82E7E312-89CC-4919-91EE-F623CB5CA89E}.Release|ARM.Deploy.0 = Release|ARM
		{82E7E312-89CC-4919-91EE-F623CB5CA89E}.Release|iPhone.ActiveCfg = Release|x86
		{82E7E312-89CC-4919-91EE-F623CB5CA89E}.Release|iPhone.Build.0 = Release|x86
		{82E7E312-89CC-4919-91EE-F623CB5CA89E}.Release|iPhone.Deploy.0 = Release|x86
		{82E7E312-89CC-4919-91EE-F623CB5CA89E}.Release|iPhoneSimulator.ActiveCfg = Release|x86
		{82E7E312-89CC-4919-91EE-F623CB5CA89E}.Release|iPhoneSimulator.Build.0 = Release|x86
		{82E7E312-89CC-4919-91EE-F623CB5CA89E}.Release|iPhoneSimulator.Deploy.0 = Release|x86
		{82E7E312-89CC-4919-91EE-F623CB5CA89E}.Release|x64.ActiveCfg = Release|x64
		{82E7E312-89CC-4919-91EE-F623CB5CA89E}.Release|x64.Build.0 = Release|x64
		{82E7E312-89CC-4919-91EE-F623CB5CA89E}.Release|x64.Deploy.0 = Release|x64
		{82E7E312-89CC-4919-91EE-F623CB5CA89E}.Release|x86.ActiveCfg = Release|x86
		{82E7E312-89CC-4919-91EE-F623CB5CA89E}.Release|x86.Build.0 = Release|x86
		{82E7E312-89CC-4919-91EE-F623CB5CA89E}.Release|x86.Deploy.0 = Release|x86
		{5056A270-B835-457D-A65C-A48704B5D6A1}.Debug|Any CPU.ActiveCfg = Debug|Any CPU
		{5056A270-B835-457D-A65C-A48704B5D6A1}.Debug|Any CPU.Build.0 = Debug|Any CPU
		{5056A270-B835-457D-A65C-A48704B5D6A1}.Debug|Any CPU.Deploy.0 = Debug|Any CPU
		{5056A270-B835-457D-A65C-A48704B5D6A1}.Debug|ARM.ActiveCfg = Debug|Any CPU
		{5056A270-B835-457D-A65C-A48704B5D6A1}.Debug|ARM.Build.0 = Debug|Any CPU
		{5056A270-B835-457D-A65C-A48704B5D6A1}.Debug|ARM.Deploy.0 = Debug|Any CPU
		{5056A270-B835-457D-A65C-A48704B5D6A1}.Debug|iPhone.ActiveCfg = Debug|Any CPU
		{5056A270-B835-457D-A65C-A48704B5D6A1}.Debug|iPhone.Build.0 = Debug|Any CPU
		{5056A270-B835-457D-A65C-A48704B5D6A1}.Debug|iPhone.Deploy.0 = Debug|Any CPU
		{5056A270-B835-457D-A65C-A48704B5D6A1}.Debug|iPhoneSimulator.ActiveCfg = Debug|Any CPU
		{5056A270-B835-457D-A65C-A48704B5D6A1}.Debug|iPhoneSimulator.Build.0 = Debug|Any CPU
		{5056A270-B835-457D-A65C-A48704B5D6A1}.Debug|iPhoneSimulator.Deploy.0 = Debug|Any CPU
		{5056A270-B835-457D-A65C-A48704B5D6A1}.Debug|x64.ActiveCfg = Debug|Any CPU
		{5056A270-B835-457D-A65C-A48704B5D6A1}.Debug|x64.Build.0 = Debug|Any CPU
		{5056A270-B835-457D-A65C-A48704B5D6A1}.Debug|x64.Deploy.0 = Debug|Any CPU
		{5056A270-B835-457D-A65C-A48704B5D6A1}.Debug|x86.ActiveCfg = Debug|Any CPU
		{5056A270-B835-457D-A65C-A48704B5D6A1}.Debug|x86.Build.0 = Debug|Any CPU
		{5056A270-B835-457D-A65C-A48704B5D6A1}.Debug|x86.Deploy.0 = Debug|Any CPU
		{5056A270-B835-457D-A65C-A48704B5D6A1}.Release|Any CPU.ActiveCfg = Release|Any CPU
		{5056A270-B835-457D-A65C-A48704B5D6A1}.Release|Any CPU.Build.0 = Release|Any CPU
		{5056A270-B835-457D-A65C-A48704B5D6A1}.Release|Any CPU.Deploy.0 = Release|Any CPU
		{5056A270-B835-457D-A65C-A48704B5D6A1}.Release|ARM.ActiveCfg = Release|Any CPU
		{5056A270-B835-457D-A65C-A48704B5D6A1}.Release|ARM.Build.0 = Release|Any CPU
		{5056A270-B835-457D-A65C-A48704B5D6A1}.Release|ARM.Deploy.0 = Release|Any CPU
		{5056A270-B835-457D-A65C-A48704B5D6A1}.Release|iPhone.ActiveCfg = Release|Any CPU
		{5056A270-B835-457D-A65C-A48704B5D6A1}.Release|iPhone.Build.0 = Release|Any CPU
		{5056A270-B835-457D-A65C-A48704B5D6A1}.Release|iPhone.Deploy.0 = Release|Any CPU
		{5056A270-B835-457D-A65C-A48704B5D6A1}.Release|iPhoneSimulator.ActiveCfg = Release|Any CPU
		{5056A270-B835-457D-A65C-A48704B5D6A1}.Release|iPhoneSimulator.Build.0 = Release|Any CPU
		{5056A270-B835-457D-A65C-A48704B5D6A1}.Release|iPhoneSimulator.Deploy.0 = Release|Any CPU
		{5056A270-B835-457D-A65C-A48704B5D6A1}.Release|x64.ActiveCfg = Release|Any CPU
		{5056A270-B835-457D-A65C-A48704B5D6A1}.Release|x64.Build.0 = Release|Any CPU
		{5056A270-B835-457D-A65C-A48704B5D6A1}.Release|x64.Deploy.0 = Release|Any CPU
		{5056A270-B835-457D-A65C-A48704B5D6A1}.Release|x86.ActiveCfg = Release|Any CPU
		{5056A270-B835-457D-A65C-A48704B5D6A1}.Release|x86.Build.0 = Release|Any CPU
		{5056A270-B835-457D-A65C-A48704B5D6A1}.Release|x86.Deploy.0 = Release|Any CPU
		{EC88FFF4-F649-4C56-9941-A97E89290AF9}.Debug|Any CPU.ActiveCfg = Debug|iPhoneSimulator
		{EC88FFF4-F649-4C56-9941-A97E89290AF9}.Debug|Any CPU.Build.0 = Debug|iPhoneSimulator
		{EC88FFF4-F649-4C56-9941-A97E89290AF9}.Debug|Any CPU.Deploy.0 = Debug|iPhoneSimulator
		{EC88FFF4-F649-4C56-9941-A97E89290AF9}.Debug|ARM.ActiveCfg = Debug|iPhone
		{EC88FFF4-F649-4C56-9941-A97E89290AF9}.Debug|ARM.Build.0 = Debug|iPhone
		{EC88FFF4-F649-4C56-9941-A97E89290AF9}.Debug|ARM.Deploy.0 = Debug|iPhone
		{EC88FFF4-F649-4C56-9941-A97E89290AF9}.Debug|iPhone.ActiveCfg = Debug|iPhone
		{EC88FFF4-F649-4C56-9941-A97E89290AF9}.Debug|iPhone.Build.0 = Debug|iPhone
		{EC88FFF4-F649-4C56-9941-A97E89290AF9}.Debug|iPhone.Deploy.0 = Debug|iPhone
		{EC88FFF4-F649-4C56-9941-A97E89290AF9}.Debug|iPhoneSimulator.ActiveCfg = Debug|iPhoneSimulator
		{EC88FFF4-F649-4C56-9941-A97E89290AF9}.Debug|iPhoneSimulator.Build.0 = Debug|iPhoneSimulator
		{EC88FFF4-F649-4C56-9941-A97E89290AF9}.Debug|iPhoneSimulator.Deploy.0 = Debug|iPhoneSimulator
		{EC88FFF4-F649-4C56-9941-A97E89290AF9}.Debug|x64.ActiveCfg = Debug|iPhoneSimulator
		{EC88FFF4-F649-4C56-9941-A97E89290AF9}.Debug|x64.Build.0 = Debug|iPhoneSimulator
		{EC88FFF4-F649-4C56-9941-A97E89290AF9}.Debug|x64.Deploy.0 = Debug|iPhoneSimulator
		{EC88FFF4-F649-4C56-9941-A97E89290AF9}.Debug|x86.ActiveCfg = Debug|iPhoneSimulator
		{EC88FFF4-F649-4C56-9941-A97E89290AF9}.Debug|x86.Build.0 = Debug|iPhoneSimulator
		{EC88FFF4-F649-4C56-9941-A97E89290AF9}.Debug|x86.Deploy.0 = Debug|iPhoneSimulator
		{EC88FFF4-F649-4C56-9941-A97E89290AF9}.Release|Any CPU.ActiveCfg = Release|iPhoneSimulator
		{EC88FFF4-F649-4C56-9941-A97E89290AF9}.Release|Any CPU.Build.0 = Release|iPhoneSimulator
		{EC88FFF4-F649-4C56-9941-A97E89290AF9}.Release|Any CPU.Deploy.0 = Release|iPhoneSimulator
		{EC88FFF4-F649-4C56-9941-A97E89290AF9}.Release|ARM.ActiveCfg = Release|iPhoneSimulator
		{EC88FFF4-F649-4C56-9941-A97E89290AF9}.Release|ARM.Build.0 = Release|iPhoneSimulator
		{EC88FFF4-F649-4C56-9941-A97E89290AF9}.Release|ARM.Deploy.0 = Release|iPhoneSimulator
		{EC88FFF4-F649-4C56-9941-A97E89290AF9}.Release|iPhone.ActiveCfg = Release|iPhone
		{EC88FFF4-F649-4C56-9941-A97E89290AF9}.Release|iPhone.Build.0 = Release|iPhone
		{EC88FFF4-F649-4C56-9941-A97E89290AF9}.Release|iPhone.Deploy.0 = Release|iPhone
		{EC88FFF4-F649-4C56-9941-A97E89290AF9}.Release|iPhoneSimulator.ActiveCfg = Release|iPhoneSimulator
		{EC88FFF4-F649-4C56-9941-A97E89290AF9}.Release|iPhoneSimulator.Build.0 = Release|iPhoneSimulator
		{EC88FFF4-F649-4C56-9941-A97E89290AF9}.Release|iPhoneSimulator.Deploy.0 = Release|iPhoneSimulator
		{EC88FFF4-F649-4C56-9941-A97E89290AF9}.Release|x64.ActiveCfg = Release|iPhoneSimulator
		{EC88FFF4-F649-4C56-9941-A97E89290AF9}.Release|x64.Build.0 = Release|iPhoneSimulator
		{EC88FFF4-F649-4C56-9941-A97E89290AF9}.Release|x64.Deploy.0 = Release|iPhoneSimulator
		{EC88FFF4-F649-4C56-9941-A97E89290AF9}.Release|x86.ActiveCfg = Release|iPhoneSimulator
		{EC88FFF4-F649-4C56-9941-A97E89290AF9}.Release|x86.Build.0 = Release|iPhoneSimulator
		{EC88FFF4-F649-4C56-9941-A97E89290AF9}.Release|x86.Deploy.0 = Release|iPhoneSimulator
		{4BDFF14B-B0A6-41AD-A710-DB690DBC9C64}.Debug|Any CPU.ActiveCfg = Debug|Any CPU
		{4BDFF14B-B0A6-41AD-A710-DB690DBC9C64}.Debug|Any CPU.Build.0 = Debug|Any CPU
		{4BDFF14B-B0A6-41AD-A710-DB690DBC9C64}.Debug|Any CPU.Deploy.0 = Debug|Any CPU
		{4BDFF14B-B0A6-41AD-A710-DB690DBC9C64}.Debug|ARM.ActiveCfg = Debug|Any CPU
		{4BDFF14B-B0A6-41AD-A710-DB690DBC9C64}.Debug|ARM.Build.0 = Debug|Any CPU
		{4BDFF14B-B0A6-41AD-A710-DB690DBC9C64}.Debug|ARM.Deploy.0 = Debug|Any CPU
		{4BDFF14B-B0A6-41AD-A710-DB690DBC9C64}.Debug|iPhone.ActiveCfg = Debug|Any CPU
		{4BDFF14B-B0A6-41AD-A710-DB690DBC9C64}.Debug|iPhone.Build.0 = Debug|Any CPU
		{4BDFF14B-B0A6-41AD-A710-DB690DBC9C64}.Debug|iPhone.Deploy.0 = Debug|Any CPU
		{4BDFF14B-B0A6-41AD-A710-DB690DBC9C64}.Debug|iPhoneSimulator.ActiveCfg = Debug|Any CPU
		{4BDFF14B-B0A6-41AD-A710-DB690DBC9C64}.Debug|iPhoneSimulator.Build.0 = Debug|Any CPU
		{4BDFF14B-B0A6-41AD-A710-DB690DBC9C64}.Debug|iPhoneSimulator.Deploy.0 = Debug|Any CPU
		{4BDFF14B-B0A6-41AD-A710-DB690DBC9C64}.Debug|x64.ActiveCfg = Debug|Any CPU
		{4BDFF14B-B0A6-41AD-A710-DB690DBC9C64}.Debug|x64.Build.0 = Debug|Any CPU
		{4BDFF14B-B0A6-41AD-A710-DB690DBC9C64}.Debug|x64.Deploy.0 = Debug|Any CPU
		{4BDFF14B-B0A6-41AD-A710-DB690DBC9C64}.Debug|x86.ActiveCfg = Debug|Any CPU
		{4BDFF14B-B0A6-41AD-A710-DB690DBC9C64}.Debug|x86.Build.0 = Debug|Any CPU
		{4BDFF14B-B0A6-41AD-A710-DB690DBC9C64}.Debug|x86.Deploy.0 = Debug|Any CPU
		{4BDFF14B-B0A6-41AD-A710-DB690DBC9C64}.Release|Any CPU.ActiveCfg = Release|Any CPU
		{4BDFF14B-B0A6-41AD-A710-DB690DBC9C64}.Release|Any CPU.Build.0 = Release|Any CPU
		{4BDFF14B-B0A6-41AD-A710-DB690DBC9C64}.Release|Any CPU.Deploy.0 = Release|Any CPU
		{4BDFF14B-B0A6-41AD-A710-DB690DBC9C64}.Release|ARM.ActiveCfg = Release|Any CPU
		{4BDFF14B-B0A6-41AD-A710-DB690DBC9C64}.Release|ARM.Build.0 = Release|Any CPU
		{4BDFF14B-B0A6-41AD-A710-DB690DBC9C64}.Release|ARM.Deploy.0 = Release|Any CPU
		{4BDFF14B-B0A6-41AD-A710-DB690DBC9C64}.Release|iPhone.ActiveCfg = Release|Any CPU
		{4BDFF14B-B0A6-41AD-A710-DB690DBC9C64}.Release|iPhone.Build.0 = Release|Any CPU
		{4BDFF14B-B0A6-41AD-A710-DB690DBC9C64}.Release|iPhone.Deploy.0 = Release|Any CPU
		{4BDFF14B-B0A6-41AD-A710-DB690DBC9C64}.Release|iPhoneSimulator.ActiveCfg = Release|Any CPU
		{4BDFF14B-B0A6-41AD-A710-DB690DBC9C64}.Release|iPhoneSimulator.Build.0 = Release|Any CPU
		{4BDFF14B-B0A6-41AD-A710-DB690DBC9C64}.Release|iPhoneSimulator.Deploy.0 = Release|Any CPU
		{4BDFF14B-B0A6-41AD-A710-DB690DBC9C64}.Release|x64.ActiveCfg = Release|Any CPU
		{4BDFF14B-B0A6-41AD-A710-DB690DBC9C64}.Release|x64.Build.0 = Release|Any CPU
		{4BDFF14B-B0A6-41AD-A710-DB690DBC9C64}.Release|x64.Deploy.0 = Release|Any CPU
		{4BDFF14B-B0A6-41AD-A710-DB690DBC9C64}.Release|x86.ActiveCfg = Release|Any CPU
		{4BDFF14B-B0A6-41AD-A710-DB690DBC9C64}.Release|x86.Build.0 = Release|Any CPU
		{4BDFF14B-B0A6-41AD-A710-DB690DBC9C64}.Release|x86.Deploy.0 = Release|Any CPU
	EndGlobalSection
	GlobalSection(SolutionProperties) = preSolution
		HideSolutionNode = FALSE
	EndGlobalSection
	GlobalSection(ExtensibilityGlobals) = postSolution
		SolutionGuid = {B3AE1C08-3BA5-4483-83B6-DF10D6B269D1}
	EndGlobalSection
EndGlobal
